
Microsoft Visual Studio Solution File, Format Version 12.00
# Visual Studio Version 17
VisualStudioVersion = 17.8.34511.84
MinimumVisualStudioVersion = 10.0.40219.1
Project("{FAE04EC0-301F-11D3-BF4B-00C04F79EFBC}") = "BCA4B_Journal", "BCA4B_Journal\BCA4B_Journal.csproj", "{0F202280-8EA3-4757-A9FB-52AB8AF59226}"
EndProject
Project("{FAE04EC0-301F-11D3-BF4B-00C04F79EFBC}") = "PR01_HelloWorld", "PR01_HelloWorld\PR01_HelloWorld.csproj", "{380C1EF7-A53E-4EC6-9F6A-D14CBFF9FE8A}"
EndProject
Project("{FAE04EC0-301F-11D3-BF4B-00C04F79EFBC}") = "PR02_StringHelloWorld", "PR02_StringHelloWorld\PR02_StringHelloWorld.csproj", "{873EB770-6388-4160-BDD2-D6931DC74818}"
EndProject
Project("{FAE04EC0-301F-11D3-BF4B-00C04F79EFBC}") = "PR03_MaxNum", "PR03_MaxNum\PR03_MaxNum.csproj", "{F8E47544-7151-4F76-A371-62F04536AC29}"
EndProject
Project("{FAE04EC0-301F-11D3-BF4B-00C04F79EFBC}") = "PR04_EvenOdd", "PR04_EvenOdd\PR04_EvenOdd.csproj", "{46D455BA-E354-41E3-93D3-00B81F186919}"
EndProject
Project("{FAE04EC0-301F-11D3-BF4B-00C04F79EFBC}") = "PR05_SumNum", "PR05_SumNum\PR05_SumNum.csproj", "{1AAD41EA-05D7-4964-913F-7D37453CC7CD}"
EndProject
Project("{FAE04EC0-301F-11D3-BF4B-00C04F79EFBC}") = "PR06_ArithmeticOps", "PR06_ArithmeticOps\PR06_ArithmeticOps.csproj", "{B1DF2A54-2FFE-4864-A4D0-CD240368A003}"
EndProject
Project("{FAE04EC0-301F-11D3-BF4B-00C04F79EFBC}") = "PR07_SwapNum", "PR07_SwapNum\PR07_SwapNum.csproj", "{4E7C29F3-05C7-4220-AFD6-4371DFA8B49B}"
EndProject
Project("{FAE04EC0-301F-11D3-BF4B-00C04F79EFBC}") = "PR08_NumSign", "PR08_NumSign\PR08_NumSign.csproj", "{C3B94648-8A81-4FA8-968D-55549D8A622C}"
EndProject
Project("{FAE04EC0-301F-11D3-BF4B-00C04F79EFBC}") = "PR09_MultiplicationTable", "PR09_MultiplicationTable\PR09_MultiplicationTable.csproj", "{FCA4819E-CDC9-423E-B249-1513D80B3C15}"
EndProject
Project("{FAE04EC0-301F-11D3-BF4B-00C04F79EFBC}") = "PR10_RevNum", "PR10_RevNum\PR10_RevNum.csproj", "{93B2F658-A7F7-4726-8F91-E1AB1438AE2D}"
EndProject
Project("{FAE04EC0-301F-11D3-BF4B-00C04F79EFBC}") = "PR11_PrimeNum", "PR11_PrimeNum\PR11_PrimeNum.csproj", "{FD2E8CD0-FE34-4D57-8B12-0C46EEFBA820}"
EndProject
Project("{FAE04EC0-301F-11D3-BF4B-00C04F79EFBC}") = "PR12_Armstrong", "PR12_Armstrong\PR12_Armstrong.csproj", "{A99CBCBA-5BD7-403D-9411-CEE8AD39DACE}"
EndProject
Project("{FAE04EC0-301F-11D3-BF4B-00C04F79EFBC}") = "PR13_Fibonacci", "PR13_Fibonacci\PR13_Fibonacci.csproj", "{455BAC34-9902-4F20-A2B6-A27B430424A8}"
EndProject
Project("{FAE04EC0-301F-11D3-BF4B-00C04F79EFBC}") = "PR14_Palindrome", "PR14_Palindrome\PR14_Palindrome.csproj", "{AE772559-41D8-4147-9C39-B0DA20162F6E}"
EndProject
Project("{FAE04EC0-301F-11D3-BF4B-00C04F79EFBC}") = "PR15_Factorial", "PR15_Factorial\PR15_Factorial.csproj", "{A54EEC35-A685-4C04-A175-42449951D151}"
EndProject
Project("{FAE04EC0-301F-11D3-BF4B-00C04F79EFBC}") = "PR16_Bill", "PR16_Bill\PR16_Bill.csproj", "{B6E746FB-BFE8-48C4-B4DA-7090D24EE4EB}"
EndProject
Project("{FAE04EC0-301F-11D3-BF4B-00C04F79EFBC}") = "PR17_TempConv", "PR17_TempConv\PR17_TempConv.csproj", "{92EA7269-A87E-4699-80AF-6C304F6402EA}"
EndProject
Project("{FAE04EC0-301F-11D3-BF4B-00C04F79EFBC}") = "PR18_SwapChar", "PR18_SwapChar\PR18_SwapChar.csproj", "{5FB690C4-9B3B-4741-83C6-6267BFFFF41F}"
EndProject
Project("{FAE04EC0-301F-11D3-BF4B-00C04F79EFBC}") = "PR19_DigiSum", "PR19_DigiSum\PR19_DigiSum.csproj", "{D6B2F067-C66A-42FC-A9B2-22FFB01AAA32}"
EndProject
Project("{FAE04EC0-301F-11D3-BF4B-00C04F79EFBC}") = "PR20_SpecifiedWord", "PR20_SpecifiedWord\PR20_SpecifiedWord.csproj", "{B2933426-F94D-4758-B93C-C51552D88C20}"
EndProject
Project("{FAE04EC0-301F-11D3-BF4B-00C04F79EFBC}") = "PR21_CheckNum", "PR21_CheckNum\PR21_CheckNum.csproj", "{8A4B710F-F4F7-4867-98B1-7C2459489D23}"
EndProject
Project("{FAE04EC0-301F-11D3-BF4B-00C04F79EFBC}") = "PR22_DelegateEg", "PR22_DelegateEg\PR22_DelegateEg.csproj", "{6C72FE9F-67CD-4696-BBAC-FD3C815DF4C6}"
EndProject
Project("{FAE04EC0-301F-11D3-BF4B-00C04F79EFBC}") = "PR23_Event_A", "PR23_Event_A\PR23_Event_A.csproj", "{0AF6CCB6-DA77-4BD1-A436-6AE13C8FB334}"
EndProject
Project("{FAE04EC0-301F-11D3-BF4B-00C04F79EFBC}") = "PR23_Event_B", "PR23_Event_B\PR23_Event_B.csproj", "{3CCB3C6F-54E7-45FA-BD08-648211342F07}"
EndProject
Project("{FAE04EC0-301F-11D3-BF4B-00C04F79EFBC}") = "PR24_PolymorphismEg", "PR24_PolymorphismEg\PR24_PolymorphismEg.csproj", "{DBF2ACFA-23F4-45C5-8480-68988CD0DBF0}"
EndProject
Project("{FAE04EC0-301F-11D3-BF4B-00C04F79EFBC}") = "PR25_MethodOverloading", "PR25_MethodOverloading\PR25_MethodOverloading.csproj", "{07D361A0-DBF7-4FCE-B57E-9444CF565080}"
EndProject
Project("{FAE04EC0-301F-11D3-BF4B-00C04F79EFBC}") = "PR26_MethodOverriding", "PR26_MethodOverriding\PR26_MethodOverriding.csproj", "{4ED0FCF2-983C-4E31-AC20-F064A4AF7BA4}"
EndProject
Project("{FAE04EC0-301F-11D3-BF4B-00C04F79EFBC}") = "PR27_Inheritance", "PR27_Inheritance\PR27_Inheritance.csproj", "{4EBA2845-E020-45F8-906E-DC83F28DA676}"
EndProject
Project("{FAE04EC0-301F-11D3-BF4B-00C04F79EFBC}") = "PR28_AllTypesInheritance", "PR28_AllTypesInheritance\PR28_AllTypesInheritance.csproj", "{BC0AD1FD-DA4F-40F5-94F6-C9533160426C}"
EndProject
Project("{FAE04EC0-301F-11D3-BF4B-00C04F79EFBC}") = "PR29_RefEg", "PR29_RefEg\PR29_RefEg.csproj", "{B304DB47-C9D7-4848-AE07-4DB9A8B83614}"
EndProject
Project("{FAE04EC0-301F-11D3-BF4B-00C04F79EFBC}") = "PR30_OutEg", "PR30_OutEg\PR30_OutEg.csproj", "{457844AF-39F3-4712-86D3-2C394453D8FE}"
EndProject
Project("{9A19103F-16F7-4668-BE54-9A1E7A4F7556}") = "PR31_WinFrom_HelloWorld", "PR31_WinFrom_HelloWorld\PR31_WinFrom_HelloWorld.csproj", "{F75DABDB-CBDF-4013-B109-6761EC20DF70}"
EndProject
Project("{9A19103F-16F7-4668-BE54-9A1E7A4F7556}") = "PR33_MessageBox_YesNo", "PR33_MessageBox_YesNo\PR33_MessageBox_YesNo.csproj", "{B1DBDC76-BE9A-4E63-8F83-7F68EE7194C7}"
EndProject
Project("{9A19103F-16F7-4668-BE54-9A1E7A4F7556}") = "PR34_MessageBox_Icon", "PR34_MessageBox_Icon\PR34_MessageBox_Icon.csproj", "{3A461B8A-8647-4103-A552-1369A5E6FC93}"
EndProject
Project("{9A19103F-16F7-4668-BE54-9A1E7A4F7556}") = "PR35_MessageBox_Result", "PR35_MessageBox_Result\PR35_MessageBox_Result.csproj", "{DA004473-DB2D-46DB-B8BB-54847007E0D9}"
EndProject
Project("{9A19103F-16F7-4668-BE54-9A1E7A4F7556}") = "PR36_EventArgs", "PR36_EventArgs\PR36_EventArgs.csproj", "{911F9BFE-C536-480A-BFCC-0976569239CC}"
EndProject
Project("{9A19103F-16F7-4668-BE54-9A1E7A4F7556}") = "PR37_BtnMouseClickEvent", "PR37_BtnMouseClickEvent\PR37_BtnMouseClickEvent.csproj", "{15E4BF7F-0C25-4CA1-94EE-248CB6DAA68D}"
EndProject
Project("{9A19103F-16F7-4668-BE54-9A1E7A4F7556}") = "PR38_BtnMouseDownEvent", "PR38_BtnMouseDownEvent\PR38_BtnMouseDownEvent.csproj", "{ABC298AE-05CF-437A-8E03-0E062C68D626}"
EndProject
Project("{9A19103F-16F7-4668-BE54-9A1E7A4F7556}") = "PR39_BtnMouseEnterAndMouseHover", "PR39_BtnMouseEnterAndMouseHover\PR39_BtnMouseEnterAndMouseHover.csproj", "{4F98B9E8-C386-4372-BD2E-3F860399FA64}"
EndProject
Project("{9A19103F-16F7-4668-BE54-9A1E7A4F7556}") = "PR40_MouseLeaveEvent", "PR40_MouseLeaveEvent\PR40_MouseLeaveEvent.csproj", "{CF514D6C-8F0F-4039-A2E7-0393D53305EA}"
EndProject
Project("{9A19103F-16F7-4668-BE54-9A1E7A4F7556}") = "PR41_FormLoadEvent", "PR41_FormLoadEvent\PR41_FormLoadEvent.csproj", "{DCF81942-C472-4006-BD0A-05E3B8A4B005}"
EndProject
Project("{9A19103F-16F7-4668-BE54-9A1E7A4F7556}") = "PR42_LabelClickEvent", "PR42_LabelClickEvent\PR42_LabelClickEvent.csproj", "{C62C1CDE-D4D1-452D-98C1-ED1785A2A1F6}"
EndProject
Project("{9A19103F-16F7-4668-BE54-9A1E7A4F7556}") = "PR43_MouseEnterEvent", "PR43_MouseEnterEvent\PR43_MouseEnterEvent.csproj", "{433594C0-9404-4C54-B524-3121F73C1AC2}"
EndProject
Project("{9A19103F-16F7-4668-BE54-9A1E7A4F7556}") = "PR44_KeyDownEvent", "PR44_KeyDownEvent\PR44_KeyDownEvent.csproj", "{2AE07772-7862-4AA0-84E4-F7E3A9AB558A}"
EndProject
Project("{9A19103F-16F7-4668-BE54-9A1E7A4F7556}") = "PR45_TextChangedEvent", "PR45_TextChangedEvent\PR45_TextChangedEvent.csproj", "{0EE3CCFE-DDAD-49C1-BFEE-7D05BC2076BF}"
EndProject
Project("{9A19103F-16F7-4668-BE54-9A1E7A4F7556}") = "PR46_RadioButton", "PR46_RadioButton\PR46_RadioButton.csproj", "{9ABCE2B2-667A-45A6-B7E6-3C00224A2FEE}"
EndProject
Project("{9A19103F-16F7-4668-BE54-9A1E7A4F7556}") = "PR47_CheckBox", "PR47_CheckBox\PR47_CheckBox.csproj", "{C6FF84FA-217C-4317-906D-649936548744}"
EndProject
Project("{9A19103F-16F7-4668-BE54-9A1E7A4F7556}") = "PR48_PictureBox", "PR48_PictureBox\PR48_PictureBox.csproj", "{AD0402F9-B4E7-4C58-87B6-C37333D47037}"
EndProject
Project("{9A19103F-16F7-4668-BE54-9A1E7A4F7556}") = "PR49_ComboBox", "PR49_ComboBox\PR49_ComboBox.csproj", "{EC0FA206-2AE9-4373-98A2-4D052063BE4B}"
EndProject
Project("{9A19103F-16F7-4668-BE54-9A1E7A4F7556}") = "PR50_DropDownStyle", "PR50_DropDownStyle\PR50_DropDownStyle.csproj", "{874BBC2C-7F19-4DC0-8D05-D62622CA0F05}"
EndProject
Project("{9A19103F-16F7-4668-BE54-9A1E7A4F7556}") = "PR51_ComboBoxSelectedIndexChanged", "PR51_ComboBoxSelectedIndexChanged\PR51_ComboBoxSelectedIndexChanged.csproj", "{B2F0DA62-0F00-48C4-B9D9-9CB1574153CD}"
EndProject
Project("{9A19103F-16F7-4668-BE54-9A1E7A4F7556}") = "PR52_ListBox", "PR52_ListBox\PR52_ListBox.csproj", "{739F7B4C-E929-4B95-BCB1-8C389D2FFCB3}"
EndProject
Project("{9A19103F-16F7-4668-BE54-9A1E7A4F7556}") = "PR53_ListBoxMultiSelection", "PR53_ListBoxMultiSelection\PR53_ListBoxMultiSelection.csproj", "{6A8CE40A-BA7E-4EF1-ACC2-D7D1E7B56CE1}"
EndProject
Project("{FAE04EC0-301F-11D3-BF4B-00C04F79EFBC}") = "PR32_MessageBoxShowMethod", "PR32_MessageBoxShowMethod\PR32_MessageBoxShowMethod.csproj", "{33786A1E-3336-45F9-B302-E3D20CDEC263}"
EndProject
Global
	GlobalSection(SolutionConfigurationPlatforms) = preSolution
		Debug|Any CPU = Debug|Any CPU
		Release|Any CPU = Release|Any CPU
	EndGlobalSection
	GlobalSection(ProjectConfigurationPlatforms) = postSolution
		{0F202280-8EA3-4757-A9FB-52AB8AF59226}.Debug|Any CPU.ActiveCfg = Debug|Any CPU
		{0F202280-8EA3-4757-A9FB-52AB8AF59226}.Debug|Any CPU.Build.0 = Debug|Any CPU
		{0F202280-8EA3-4757-A9FB-52AB8AF59226}.Release|Any CPU.ActiveCfg = Release|Any CPU
		{0F202280-8EA3-4757-A9FB-52AB8AF59226}.Release|Any CPU.Build.0 = Release|Any CPU
		{380C1EF7-A53E-4EC6-9F6A-D14CBFF9FE8A}.Debug|Any CPU.ActiveCfg = Debug|Any CPU
		{380C1EF7-A53E-4EC6-9F6A-D14CBFF9FE8A}.Debug|Any CPU.Build.0 = Debug|Any CPU
		{380C1EF7-A53E-4EC6-9F6A-D14CBFF9FE8A}.Release|Any CPU.ActiveCfg = Release|Any CPU
		{380C1EF7-A53E-4EC6-9F6A-D14CBFF9FE8A}.Release|Any CPU.Build.0 = Release|Any CPU
		{873EB770-6388-4160-BDD2-D6931DC74818}.Debug|Any CPU.ActiveCfg = Debug|Any CPU
		{873EB770-6388-4160-BDD2-D6931DC74818}.Debug|Any CPU.Build.0 = Debug|Any CPU
		{873EB770-6388-4160-BDD2-D6931DC74818}.Release|Any CPU.ActiveCfg = Release|Any CPU
		{873EB770-6388-4160-BDD2-D6931DC74818}.Release|Any CPU.Build.0 = Release|Any CPU
		{F8E47544-7151-4F76-A371-62F04536AC29}.Debug|Any CPU.ActiveCfg = Debug|Any CPU
		{F8E47544-7151-4F76-A371-62F04536AC29}.Debug|Any CPU.Build.0 = Debug|Any CPU
		{F8E47544-7151-4F76-A371-62F04536AC29}.Release|Any CPU.ActiveCfg = Release|Any CPU
		{F8E47544-7151-4F76-A371-62F04536AC29}.Release|Any CPU.Build.0 = Release|Any CPU
		{46D455BA-E354-41E3-93D3-00B81F186919}.Debug|Any CPU.ActiveCfg = Debug|Any CPU
		{46D455BA-E354-41E3-93D3-00B81F186919}.Debug|Any CPU.Build.0 = Debug|Any CPU
		{46D455BA-E354-41E3-93D3-00B81F186919}.Release|Any CPU.ActiveCfg = Release|Any CPU
		{46D455BA-E354-41E3-93D3-00B81F186919}.Release|Any CPU.Build.0 = Release|Any CPU
		{1AAD41EA-05D7-4964-913F-7D37453CC7CD}.Debug|Any CPU.ActiveCfg = Debug|Any CPU
		{1AAD41EA-05D7-4964-913F-7D37453CC7CD}.Debug|Any CPU.Build.0 = Debug|Any CPU
		{1AAD41EA-05D7-4964-913F-7D37453CC7CD}.Release|Any CPU.ActiveCfg = Release|Any CPU
		{1AAD41EA-05D7-4964-913F-7D37453CC7CD}.Release|Any CPU.Build.0 = Release|Any CPU
		{B1DF2A54-2FFE-4864-A4D0-CD240368A003}.Debug|Any CPU.ActiveCfg = Debug|Any CPU
		{B1DF2A54-2FFE-4864-A4D0-CD240368A003}.Debug|Any CPU.Build.0 = Debug|Any CPU
		{B1DF2A54-2FFE-4864-A4D0-CD240368A003}.Release|Any CPU.ActiveCfg = Release|Any CPU
		{B1DF2A54-2FFE-4864-A4D0-CD240368A003}.Release|Any CPU.Build.0 = Release|Any CPU
		{4E7C29F3-05C7-4220-AFD6-4371DFA8B49B}.Debug|Any CPU.ActiveCfg = Debug|Any CPU
		{4E7C29F3-05C7-4220-AFD6-4371DFA8B49B}.Debug|Any CPU.Build.0 = Debug|Any CPU
		{4E7C29F3-05C7-4220-AFD6-4371DFA8B49B}.Release|Any CPU.ActiveCfg = Release|Any CPU
		{4E7C29F3-05C7-4220-AFD6-4371DFA8B49B}.Release|Any CPU.Build.0 = Release|Any CPU
		{C3B94648-8A81-4FA8-968D-55549D8A622C}.Debug|Any CPU.ActiveCfg = Debug|Any CPU
		{C3B94648-8A81-4FA8-968D-55549D8A622C}.Debug|Any CPU.Build.0 = Debug|Any CPU
		{C3B94648-8A81-4FA8-968D-55549D8A622C}.Release|Any CPU.ActiveCfg = Release|Any CPU
		{C3B94648-8A81-4FA8-968D-55549D8A622C}.Release|Any CPU.Build.0 = Release|Any CPU
		{FCA4819E-CDC9-423E-B249-1513D80B3C15}.Debug|Any CPU.ActiveCfg = Debug|Any CPU
		{FCA4819E-CDC9-423E-B249-1513D80B3C15}.Debug|Any CPU.Build.0 = Debug|Any CPU
		{FCA4819E-CDC9-423E-B249-1513D80B3C15}.Release|Any CPU.ActiveCfg = Release|Any CPU
		{FCA4819E-CDC9-423E-B249-1513D80B3C15}.Release|Any CPU.Build.0 = Release|Any CPU
		{93B2F658-A7F7-4726-8F91-E1AB1438AE2D}.Debug|Any CPU.ActiveCfg = Debug|Any CPU
		{93B2F658-A7F7-4726-8F91-E1AB1438AE2D}.Debug|Any CPU.Build.0 = Debug|Any CPU
		{93B2F658-A7F7-4726-8F91-E1AB1438AE2D}.Release|Any CPU.ActiveCfg = Release|Any CPU
		{93B2F658-A7F7-4726-8F91-E1AB1438AE2D}.Release|Any CPU.Build.0 = Release|Any CPU
		{FD2E8CD0-FE34-4D57-8B12-0C46EEFBA820}.Debug|Any CPU.ActiveCfg = Debug|Any CPU
		{FD2E8CD0-FE34-4D57-8B12-0C46EEFBA820}.Debug|Any CPU.Build.0 = Debug|Any CPU
		{FD2E8CD0-FE34-4D57-8B12-0C46EEFBA820}.Release|Any CPU.ActiveCfg = Release|Any CPU
		{FD2E8CD0-FE34-4D57-8B12-0C46EEFBA820}.Release|Any CPU.Build.0 = Release|Any CPU
		{A99CBCBA-5BD7-403D-9411-CEE8AD39DACE}.Debug|Any CPU.ActiveCfg = Debug|Any CPU
		{A99CBCBA-5BD7-403D-9411-CEE8AD39DACE}.Debug|Any CPU.Build.0 = Debug|Any CPU
		{A99CBCBA-5BD7-403D-9411-CEE8AD39DACE}.Release|Any CPU.ActiveCfg = Release|Any CPU
		{A99CBCBA-5BD7-403D-9411-CEE8AD39DACE}.Release|Any CPU.Build.0 = Release|Any CPU
		{455BAC34-9902-4F20-A2B6-A27B430424A8}.Debug|Any CPU.ActiveCfg = Debug|Any CPU
		{455BAC34-9902-4F20-A2B6-A27B430424A8}.Debug|Any CPU.Build.0 = Debug|Any CPU
		{455BAC34-9902-4F20-A2B6-A27B430424A8}.Release|Any CPU.ActiveCfg = Release|Any CPU
		{455BAC34-9902-4F20-A2B6-A27B430424A8}.Release|Any CPU.Build.0 = Release|Any CPU
		{AE772559-41D8-4147-9C39-B0DA20162F6E}.Debug|Any CPU.ActiveCfg = Debug|Any CPU
		{AE772559-41D8-4147-9C39-B0DA20162F6E}.Debug|Any CPU.Build.0 = Debug|Any CPU
		{AE772559-41D8-4147-9C39-B0DA20162F6E}.Release|Any CPU.ActiveCfg = Release|Any CPU
		{AE772559-41D8-4147-9C39-B0DA20162F6E}.Release|Any CPU.Build.0 = Release|Any CPU
		{A54EEC35-A685-4C04-A175-42449951D151}.Debug|Any CPU.ActiveCfg = Debug|Any CPU
		{A54EEC35-A685-4C04-A175-42449951D151}.Debug|Any CPU.Build.0 = Debug|Any CPU
		{A54EEC35-A685-4C04-A175-42449951D151}.Release|Any CPU.ActiveCfg = Release|Any CPU
		{A54EEC35-A685-4C04-A175-42449951D151}.Release|Any CPU.Build.0 = Release|Any CPU
		{B6E746FB-BFE8-48C4-B4DA-7090D24EE4EB}.Debug|Any CPU.ActiveCfg = Debug|Any CPU
		{B6E746FB-BFE8-48C4-B4DA-7090D24EE4EB}.Debug|Any CPU.Build.0 = Debug|Any CPU
		{B6E746FB-BFE8-48C4-B4DA-7090D24EE4EB}.Release|Any CPU.ActiveCfg = Release|Any CPU
		{B6E746FB-BFE8-48C4-B4DA-7090D24EE4EB}.Release|Any CPU.Build.0 = Release|Any CPU
		{92EA7269-A87E-4699-80AF-6C304F6402EA}.Debug|Any CPU.ActiveCfg = Debug|Any CPU
		{92EA7269-A87E-4699-80AF-6C304F6402EA}.Debug|Any CPU.Build.0 = Debug|Any CPU
		{92EA7269-A87E-4699-80AF-6C304F6402EA}.Release|Any CPU.ActiveCfg = Release|Any CPU
		{92EA7269-A87E-4699-80AF-6C304F6402EA}.Release|Any CPU.Build.0 = Release|Any CPU
		{5FB690C4-9B3B-4741-83C6-6267BFFFF41F}.Debug|Any CPU.ActiveCfg = Debug|Any CPU
		{5FB690C4-9B3B-4741-83C6-6267BFFFF41F}.Debug|Any CPU.Build.0 = Debug|Any CPU
		{5FB690C4-9B3B-4741-83C6-6267BFFFF41F}.Release|Any CPU.ActiveCfg = Release|Any CPU
		{5FB690C4-9B3B-4741-83C6-6267BFFFF41F}.Release|Any CPU.Build.0 = Release|Any CPU
		{D6B2F067-C66A-42FC-A9B2-22FFB01AAA32}.Debug|Any CPU.ActiveCfg = Debug|Any CPU
		{D6B2F067-C66A-42FC-A9B2-22FFB01AAA32}.Debug|Any CPU.Build.0 = Debug|Any CPU
		{D6B2F067-C66A-42FC-A9B2-22FFB01AAA32}.Release|Any CPU.ActiveCfg = Release|Any CPU
		{D6B2F067-C66A-42FC-A9B2-22FFB01AAA32}.Release|Any CPU.Build.0 = Release|Any CPU
		{B2933426-F94D-4758-B93C-C51552D88C20}.Debug|Any CPU.ActiveCfg = Debug|Any CPU
		{B2933426-F94D-4758-B93C-C51552D88C20}.Debug|Any CPU.Build.0 = Debug|Any CPU
		{B2933426-F94D-4758-B93C-C51552D88C20}.Release|Any CPU.ActiveCfg = Release|Any CPU
		{B2933426-F94D-4758-B93C-C51552D88C20}.Release|Any CPU.Build.0 = Release|Any CPU
		{8A4B710F-F4F7-4867-98B1-7C2459489D23}.Debug|Any CPU.ActiveCfg = Debug|Any CPU
		{8A4B710F-F4F7-4867-98B1-7C2459489D23}.Debug|Any CPU.Build.0 = Debug|Any CPU
		{8A4B710F-F4F7-4867-98B1-7C2459489D23}.Release|Any CPU.ActiveCfg = Release|Any CPU
		{8A4B710F-F4F7-4867-98B1-7C2459489D23}.Release|Any CPU.Build.0 = Release|Any CPU
		{6C72FE9F-67CD-4696-BBAC-FD3C815DF4C6}.Debug|Any CPU.ActiveCfg = Debug|Any CPU
		{6C72FE9F-67CD-4696-BBAC-FD3C815DF4C6}.Debug|Any CPU.Build.0 = Debug|Any CPU
		{6C72FE9F-67CD-4696-BBAC-FD3C815DF4C6}.Release|Any CPU.ActiveCfg = Release|Any CPU
		{6C72FE9F-67CD-4696-BBAC-FD3C815DF4C6}.Release|Any CPU.Build.0 = Release|Any CPU
		{0AF6CCB6-DA77-4BD1-A436-6AE13C8FB334}.Debug|Any CPU.ActiveCfg = Debug|Any CPU
		{0AF6CCB6-DA77-4BD1-A436-6AE13C8FB334}.Debug|Any CPU.Build.0 = Debug|Any CPU
		{0AF6CCB6-DA77-4BD1-A436-6AE13C8FB334}.Release|Any CPU.ActiveCfg = Release|Any CPU
		{0AF6CCB6-DA77-4BD1-A436-6AE13C8FB334}.Release|Any CPU.Build.0 = Release|Any CPU
		{3CCB3C6F-54E7-45FA-BD08-648211342F07}.Debug|Any CPU.ActiveCfg = Debug|Any CPU
		{3CCB3C6F-54E7-45FA-BD08-648211342F07}.Debug|Any CPU.Build.0 = Debug|Any CPU
		{3CCB3C6F-54E7-45FA-BD08-648211342F07}.Release|Any CPU.ActiveCfg = Release|Any CPU
		{3CCB3C6F-54E7-45FA-BD08-648211342F07}.Release|Any CPU.Build.0 = Release|Any CPU
		{DBF2ACFA-23F4-45C5-8480-68988CD0DBF0}.Debug|Any CPU.ActiveCfg = Debug|Any CPU
		{DBF2ACFA-23F4-45C5-8480-68988CD0DBF0}.Debug|Any CPU.Build.0 = Debug|Any CPU
		{DBF2ACFA-23F4-45C5-8480-68988CD0DBF0}.Release|Any CPU.ActiveCfg = Release|Any CPU
		{DBF2ACFA-23F4-45C5-8480-68988CD0DBF0}.Release|Any CPU.Build.0 = Release|Any CPU
		{07D361A0-DBF7-4FCE-B57E-9444CF565080}.Debug|Any CPU.ActiveCfg = Debug|Any CPU
		{07D361A0-DBF7-4FCE-B57E-9444CF565080}.Debug|Any CPU.Build.0 = Debug|Any CPU
		{07D361A0-DBF7-4FCE-B57E-9444CF565080}.Release|Any CPU.ActiveCfg = Release|Any CPU
		{07D361A0-DBF7-4FCE-B57E-9444CF565080}.Release|Any CPU.Build.0 = Release|Any CPU
		{4ED0FCF2-983C-4E31-AC20-F064A4AF7BA4}.Debug|Any CPU.ActiveCfg = Debug|Any CPU
		{4ED0FCF2-983C-4E31-AC20-F064A4AF7BA4}.Debug|Any CPU.Build.0 = Debug|Any CPU
		{4ED0FCF2-983C-4E31-AC20-F064A4AF7BA4}.Release|Any CPU.ActiveCfg = Release|Any CPU
		{4ED0FCF2-983C-4E31-AC20-F064A4AF7BA4}.Release|Any CPU.Build.0 = Release|Any CPU
		{4EBA2845-E020-45F8-906E-DC83F28DA676}.Debug|Any CPU.ActiveCfg = Debug|Any CPU
		{4EBA2845-E020-45F8-906E-DC83F28DA676}.Debug|Any CPU.Build.0 = Debug|Any CPU
		{4EBA2845-E020-45F8-906E-DC83F28DA676}.Release|Any CPU.ActiveCfg = Release|Any CPU
		{4EBA2845-E020-45F8-906E-DC83F28DA676}.Release|Any CPU.Build.0 = Release|Any CPU
		{BC0AD1FD-DA4F-40F5-94F6-C9533160426C}.Debug|Any CPU.ActiveCfg = Debug|Any CPU
		{BC0AD1FD-DA4F-40F5-94F6-C9533160426C}.Debug|Any CPU.Build.0 = Debug|Any CPU
		{BC0AD1FD-DA4F-40F5-94F6-C9533160426C}.Release|Any CPU.ActiveCfg = Release|Any CPU
		{BC0AD1FD-DA4F-40F5-94F6-C9533160426C}.Release|Any CPU.Build.0 = Release|Any CPU
		{B304DB47-C9D7-4848-AE07-4DB9A8B83614}.Debug|Any CPU.ActiveCfg = Debug|Any CPU
		{B304DB47-C9D7-4848-AE07-4DB9A8B83614}.Debug|Any CPU.Build.0 = Debug|Any CPU
		{B304DB47-C9D7-4848-AE07-4DB9A8B83614}.Release|Any CPU.ActiveCfg = Release|Any CPU
		{B304DB47-C9D7-4848-AE07-4DB9A8B83614}.Release|Any CPU.Build.0 = Release|Any CPU
		{457844AF-39F3-4712-86D3-2C394453D8FE}.Debug|Any CPU.ActiveCfg = Debug|Any CPU
		{457844AF-39F3-4712-86D3-2C394453D8FE}.Debug|Any CPU.Build.0 = Debug|Any CPU
		{457844AF-39F3-4712-86D3-2C394453D8FE}.Release|Any CPU.ActiveCfg = Release|Any CPU
		{457844AF-39F3-4712-86D3-2C394453D8FE}.Release|Any CPU.Build.0 = Release|Any CPU
		{F75DABDB-CBDF-4013-B109-6761EC20DF70}.Debug|Any CPU.ActiveCfg = Debug|Any CPU
		{F75DABDB-CBDF-4013-B109-6761EC20DF70}.Debug|Any CPU.Build.0 = Debug|Any CPU
		{F75DABDB-CBDF-4013-B109-6761EC20DF70}.Release|Any CPU.ActiveCfg = Release|Any CPU
		{F75DABDB-CBDF-4013-B109-6761EC20DF70}.Release|Any CPU.Build.0 = Release|Any CPU
		{B1DBDC76-BE9A-4E63-8F83-7F68EE7194C7}.Debug|Any CPU.ActiveCfg = Debug|Any CPU
		{B1DBDC76-BE9A-4E63-8F83-7F68EE7194C7}.Debug|Any CPU.Build.0 = Debug|Any CPU
		{B1DBDC76-BE9A-4E63-8F83-7F68EE7194C7}.Release|Any CPU.ActiveCfg = Release|Any CPU
		{B1DBDC76-BE9A-4E63-8F83-7F68EE7194C7}.Release|Any CPU.Build.0 = Release|Any CPU
		{3A461B8A-8647-4103-A552-1369A5E6FC93}.Debug|Any CPU.ActiveCfg = Debug|Any CPU
		{3A461B8A-8647-4103-A552-1369A5E6FC93}.Debug|Any CPU.Build.0 = Debug|Any CPU
		{3A461B8A-8647-4103-A552-1369A5E6FC93}.Release|Any CPU.ActiveCfg = Release|Any CPU
		{3A461B8A-8647-4103-A552-1369A5E6FC93}.Release|Any CPU.Build.0 = Release|Any CPU
		{DA004473-DB2D-46DB-B8BB-54847007E0D9}.Debug|Any CPU.ActiveCfg = Debug|Any CPU
		{DA004473-DB2D-46DB-B8BB-54847007E0D9}.Debug|Any CPU.Build.0 = Debug|Any CPU
		{DA004473-DB2D-46DB-B8BB-54847007E0D9}.Release|Any CPU.ActiveCfg = Release|Any CPU
		{DA004473-DB2D-46DB-B8BB-54847007E0D9}.Release|Any CPU.Build.0 = Release|Any CPU
		{911F9BFE-C536-480A-BFCC-0976569239CC}.Debug|Any CPU.ActiveCfg = Debug|Any CPU
		{911F9BFE-C536-480A-BFCC-0976569239CC}.Debug|Any CPU.Build.0 = Debug|Any CPU
		{911F9BFE-C536-480A-BFCC-0976569239CC}.Release|Any CPU.ActiveCfg = Release|Any CPU
		{911F9BFE-C536-480A-BFCC-0976569239CC}.Release|Any CPU.Build.0 = Release|Any CPU
		{15E4BF7F-0C25-4CA1-94EE-248CB6DAA68D}.Debug|Any CPU.ActiveCfg = Debug|Any CPU
		{15E4BF7F-0C25-4CA1-94EE-248CB6DAA68D}.Debug|Any CPU.Build.0 = Debug|Any CPU
		{15E4BF7F-0C25-4CA1-94EE-248CB6DAA68D}.Release|Any CPU.ActiveCfg = Release|Any CPU
		{15E4BF7F-0C25-4CA1-94EE-248CB6DAA68D}.Release|Any CPU.Build.0 = Release|Any CPU
		{ABC298AE-05CF-437A-8E03-0E062C68D626}.Debug|Any CPU.ActiveCfg = Debug|Any CPU
		{ABC298AE-05CF-437A-8E03-0E062C68D626}.Debug|Any CPU.Build.0 = Debug|Any CPU
		{ABC298AE-05CF-437A-8E03-0E062C68D626}.Release|Any CPU.ActiveCfg = Release|Any CPU
		{ABC298AE-05CF-437A-8E03-0E062C68D626}.Release|Any CPU.Build.0 = Release|Any CPU
		{4F98B9E8-C386-4372-BD2E-3F860399FA64}.Debug|Any CPU.ActiveCfg = Debug|Any CPU
		{4F98B9E8-C386-4372-BD2E-3F860399FA64}.Debug|Any CPU.Build.0 = Debug|Any CPU
		{4F98B9E8-C386-4372-BD2E-3F860399FA64}.Release|Any CPU.ActiveCfg = Release|Any CPU
		{4F98B9E8-C386-4372-BD2E-3F860399FA64}.Release|Any CPU.Build.0 = Release|Any CPU
		{CF514D6C-8F0F-4039-A2E7-0393D53305EA}.Debug|Any CPU.ActiveCfg = Debug|Any CPU
		{CF514D6C-8F0F-4039-A2E7-0393D53305EA}.Debug|Any CPU.Build.0 = Debug|Any CPU
		{CF514D6C-8F0F-4039-A2E7-0393D53305EA}.Release|Any CPU.ActiveCfg = Release|Any CPU
		{CF514D6C-8F0F-4039-A2E7-0393D53305EA}.Release|Any CPU.Build.0 = Release|Any CPU
		{DCF81942-C472-4006-BD0A-05E3B8A4B005}.Debug|Any CPU.ActiveCfg = Debug|Any CPU
		{DCF81942-C472-4006-BD0A-05E3B8A4B005}.Debug|Any CPU.Build.0 = Debug|Any CPU
		{DCF81942-C472-4006-BD0A-05E3B8A4B005}.Release|Any CPU.ActiveCfg = Release|Any CPU
		{DCF81942-C472-4006-BD0A-05E3B8A4B005}.Release|Any CPU.Build.0 = Release|Any CPU
		{C62C1CDE-D4D1-452D-98C1-ED1785A2A1F6}.Debug|Any CPU.ActiveCfg = Debug|Any CPU
		{C62C1CDE-D4D1-452D-98C1-ED1785A2A1F6}.Debug|Any CPU.Build.0 = Debug|Any CPU
		{C62C1CDE-D4D1-452D-98C1-ED1785A2A1F6}.Release|Any CPU.ActiveCfg = Release|Any CPU
		{C62C1CDE-D4D1-452D-98C1-ED1785A2A1F6}.Release|Any CPU.Build.0 = Release|Any CPU
		{433594C0-9404-4C54-B524-3121F73C1AC2}.Debug|Any CPU.ActiveCfg = Debug|Any CPU
		{433594C0-9404-4C54-B524-3121F73C1AC2}.Debug|Any CPU.Build.0 = Debug|Any CPU
		{433594C0-9404-4C54-B524-3121F73C1AC2}.Release|Any CPU.ActiveCfg = Release|Any CPU
		{433594C0-9404-4C54-B524-3121F73C1AC2}.Release|Any CPU.Build.0 = Release|Any CPU
		{2AE07772-7862-4AA0-84E4-F7E3A9AB558A}.Debug|Any CPU.ActiveCfg = Debug|Any CPU
		{2AE07772-7862-4AA0-84E4-F7E3A9AB558A}.Debug|Any CPU.Build.0 = Debug|Any CPU
		{2AE07772-7862-4AA0-84E4-F7E3A9AB558A}.Release|Any CPU.ActiveCfg = Release|Any CPU
		{2AE07772-7862-4AA0-84E4-F7E3A9AB558A}.Release|Any CPU.Build.0 = Release|Any CPU
		{0EE3CCFE-DDAD-49C1-BFEE-7D05BC2076BF}.Debug|Any CPU.ActiveCfg = Debug|Any CPU
		{0EE3CCFE-DDAD-49C1-BFEE-7D05BC2076BF}.Debug|Any CPU.Build.0 = Debug|Any CPU
		{0EE3CCFE-DDAD-49C1-BFEE-7D05BC2076BF}.Release|Any CPU.ActiveCfg = Release|Any CPU
		{0EE3CCFE-DDAD-49C1-BFEE-7D05BC2076BF}.Release|Any CPU.Build.0 = Release|Any CPU
		{9ABCE2B2-667A-45A6-B7E6-3C00224A2FEE}.Debug|Any CPU.ActiveCfg = Debug|Any CPU
		{9ABCE2B2-667A-45A6-B7E6-3C00224A2FEE}.Debug|Any CPU.Build.0 = Debug|Any CPU
		{9ABCE2B2-667A-45A6-B7E6-3C00224A2FEE}.Release|Any CPU.ActiveCfg = Release|Any CPU
		{9ABCE2B2-667A-45A6-B7E6-3C00224A2FEE}.Release|Any CPU.Build.0 = Release|Any CPU
		{C6FF84FA-217C-4317-906D-649936548744}.Debug|Any CPU.ActiveCfg = Debug|Any CPU
		{C6FF84FA-217C-4317-906D-649936548744}.Debug|Any CPU.Build.0 = Debug|Any CPU
		{C6FF84FA-217C-4317-906D-649936548744}.Release|Any CPU.ActiveCfg = Release|Any CPU
		{C6FF84FA-217C-4317-906D-649936548744}.Release|Any CPU.Build.0 = Release|Any CPU
		{AD0402F9-B4E7-4C58-87B6-C37333D47037}.Debug|Any CPU.ActiveCfg = Debug|Any CPU
		{AD0402F9-B4E7-4C58-87B6-C37333D47037}.Debug|Any CPU.Build.0 = Debug|Any CPU
		{AD0402F9-B4E7-4C58-87B6-C37333D47037}.Release|Any CPU.ActiveCfg = Release|Any CPU
		{AD0402F9-B4E7-4C58-87B6-C37333D47037}.Release|Any CPU.Build.0 = Release|Any CPU
		{EC0FA206-2AE9-4373-98A2-4D052063BE4B}.Debug|Any CPU.ActiveCfg = Debug|Any CPU
		{EC0FA206-2AE9-4373-98A2-4D052063BE4B}.Debug|Any CPU.Build.0 = Debug|Any CPU
		{EC0FA206-2AE9-4373-98A2-4D052063BE4B}.Release|Any CPU.ActiveCfg = Release|Any CPU
		{EC0FA206-2AE9-4373-98A2-4D052063BE4B}.Release|Any CPU.Build.0 = Release|Any CPU
		{874BBC2C-7F19-4DC0-8D05-D62622CA0F05}.Debug|Any CPU.ActiveCfg = Debug|Any CPU
		{874BBC2C-7F19-4DC0-8D05-D62622CA0F05}.Debug|Any CPU.Build.0 = Debug|Any CPU
		{874BBC2C-7F19-4DC0-8D05-D62622CA0F05}.Release|Any CPU.ActiveCfg = Release|Any CPU
		{874BBC2C-7F19-4DC0-8D05-D62622CA0F05}.Release|Any CPU.Build.0 = Release|Any CPU
		{B2F0DA62-0F00-48C4-B9D9-9CB1574153CD}.Debug|Any CPU.ActiveCfg = Debug|Any CPU
		{B2F0DA62-0F00-48C4-B9D9-9CB1574153CD}.Debug|Any CPU.Build.0 = Debug|Any CPU
		{B2F0DA62-0F00-48C4-B9D9-9CB1574153CD}.Release|Any CPU.ActiveCfg = Release|Any CPU
		{B2F0DA62-0F00-48C4-B9D9-9CB1574153CD}.Release|Any CPU.Build.0 = Release|Any CPU
		{739F7B4C-E929-4B95-BCB1-8C389D2FFCB3}.Debug|Any CPU.ActiveCfg = Debug|Any CPU
		{739F7B4C-E929-4B95-BCB1-8C389D2FFCB3}.Debug|Any CPU.Build.0 = Debug|Any CPU
		{739F7B4C-E929-4B95-BCB1-8C389D2FFCB3}.Release|Any CPU.ActiveCfg = Release|Any CPU
		{739F7B4C-E929-4B95-BCB1-8C389D2FFCB3}.Release|Any CPU.Build.0 = Release|Any CPU
		{6A8CE40A-BA7E-4EF1-ACC2-D7D1E7B56CE1}.Debug|Any CPU.ActiveCfg = Debug|Any CPU
		{6A8CE40A-BA7E-4EF1-ACC2-D7D1E7B56CE1}.Debug|Any CPU.Build.0 = Debug|Any CPU
		{6A8CE40A-BA7E-4EF1-ACC2-D7D1E7B56CE1}.Release|Any CPU.ActiveCfg = Release|Any CPU
		{6A8CE40A-BA7E-4EF1-ACC2-D7D1E7B56CE1}.Release|Any CPU.Build.0 = Release|Any CPU
		{33786A1E-3336-45F9-B302-E3D20CDEC263}.Debug|Any CPU.ActiveCfg = Debug|Any CPU
		{33786A1E-3336-45F9-B302-E3D20CDEC263}.Debug|Any CPU.Build.0 = Debug|Any CPU
		{33786A1E-3336-45F9-B302-E3D20CDEC263}.Release|Any CPU.ActiveCfg = Release|Any CPU
		{33786A1E-3336-45F9-B302-E3D20CDEC263}.Release|Any CPU.Build.0 = Release|Any CPU
	EndGlobalSection
	GlobalSection(SolutionProperties) = preSolution
		HideSolutionNode = FALSE
	EndGlobalSection
	GlobalSection(ExtensibilityGlobals) = postSolution
		SolutionGuid = {2F6574BF-FDA4-4ED7-A967-4E11CD9D4B11}
	EndGlobalSection
EndGlobal
